<?xml version="1.0" encoding="utf-8"?>
<Project ToolsVersion="4.0" xmlns="http://schemas.microsoft.com/developer/msbuild/2003">
  <ItemGroup>
    <Filter Include="Source Files">
      <UniqueIdentifier>{4FC737F1-C7A5-4376-A066-2A32D752A2FF}</UniqueIdentifier>
      <Extensions>cpp;c;cc;cxx;c++;cppm;ixx;def;odl;idl;hpj;bat;asm;asmx</Extensions>
    </Filter>
    <Filter Include="Header Files">
      <UniqueIdentifier>{93995380-89BD-4b04-88EB-625FBE52EBFB}</UniqueIdentifier>
      <Extensions>h;hh;hpp;hxx;h++;hm;inl;inc;ipp;xsd</Extensions>
    </Filter>
    <Filter Include="Resource Files">
      <UniqueIdentifier>{67DA6AB6-F800-4c08-8B7A-83BB121AAD01}</UniqueIdentifier>
      <Extensions>rc;ico;cur;bmp;dlg;rc2;rct;bin;rgs;gif;jpg;jpeg;jpe;resx;tiff;tif;png;wav;mfcribbon-ms</Extensions>
    </Filter>
    <Filter Include="Dxerr">
      <UniqueIdentifier>{7d1f2460-48da-4711-b411-ac8b9f60d2ea}</UniqueIdentifier>
    </Filter>
    <Filter Include="Shader">
      <UniqueIdentifier>{8ff08471-44e4-46c9-a0fc-49eb06d9f62f}</UniqueIdentifier>
    </Filter>
    <Filter Include="Macros">
      <UniqueIdentifier>{dd010aa6-16db-4115-81ba-9214be85f6c9}</UniqueIdentifier>
    </Filter>
    <Filter Include="Source Files\Bindable">
      <UniqueIdentifier>{092346db-6525-4d8f-bb85-84cc48e0cbdd}</UniqueIdentifier>
    </Filter>
    <Filter Include="Source Files\Drawable">
      <UniqueIdentifier>{978aa234-d2cf-4e27-81c8-a96ffc2b6482}</UniqueIdentifier>
    </Filter>
    <Filter Include="Header Files\Drawable">
      <UniqueIdentifier>{e438a113-61a1-43a6-8c3e-a562c3bf60d7}</UniqueIdentifier>
    </Filter>
    <Filter Include="Header Files\Bindable">
      <UniqueIdentifier>{183e8123-098a-4694-bb48-34e688ed04b5}</UniqueIdentifier>
    </Filter>
    <Filter Include="Header Files\Geometry">
      <UniqueIdentifier>{9a37332a-6443-4f5f-8c67-43bc194943e5}</UniqueIdentifier>
    </Filter>
    <Filter Include="MyStuff">
      <UniqueIdentifier>{e3bf48fb-7a47-47cc-a559-4f38b4d7945b}</UniqueIdentifier>
    </Filter>
    <Filter Include="MyStuff\Header Files">
      <UniqueIdentifier>{1dfb2f6c-9279-4b02-8f40-9671ce88ba82}</UniqueIdentifier>
    </Filter>
    <Filter Include="MyStuff\Source Files">
      <UniqueIdentifier>{8ade35b0-c307-48dd-825b-01c250a81253}</UniqueIdentifier>
    </Filter>
  </ItemGroup>
  <ItemGroup>
    <ClCompile Include="WinMain.cpp">
      <Filter>Source Files</Filter>
    </ClCompile>
    <ClCompile Include="Window.cpp">
      <Filter>Source Files</Filter>
    </ClCompile>
    <ClCompile Include="ChiliException.cpp">
      <Filter>Source Files</Filter>
    </ClCompile>
    <ClCompile Include="Keyboard.cpp">
      <Filter>Source Files</Filter>
    </ClCompile>
    <ClCompile Include="Mouse.cpp">
      <Filter>Source Files</Filter>
    </ClCompile>
    <ClCompile Include="App.cpp">
      <Filter>Source Files</Filter>
    </ClCompile>
    <ClCompile Include="Graphics.cpp">
      <Filter>Source Files</Filter>
    </ClCompile>
    <ClCompile Include="ChiliTimer.cpp">
      <Filter>Source Files</Filter>
    </ClCompile>
    <ClCompile Include="dxerr.cpp">
      <Filter>Dxerr</Filter>
    </ClCompile>
    <ClCompile Include="DxgiInfoManager.cpp">
      <Filter>Source Files</Filter>
    </ClCompile>
    <ClCompile Include="Bindable.cpp">
      <Filter>Source Files\Bindable</Filter>
    </ClCompile>
    <ClCompile Include="IndexBuffer.cpp">
      <Filter>Source Files\Bindable</Filter>
    </ClCompile>
    <ClCompile Include="InputLayout.cpp">
      <Filter>Source Files\Bindable</Filter>
    </ClCompile>
    <ClCompile Include="PixelShader.cpp">
      <Filter>Source Files\Bindable</Filter>
    </ClCompile>
    <ClCompile Include="Topology.cpp">
      <Filter>Source Files\Bindable</Filter>
    </ClCompile>
    <ClCompile Include="VertexBuffer.cpp">
      <Filter>Source Files\Bindable</Filter>
    </ClCompile>
    <ClCompile Include="VertexShader.cpp">
      <Filter>Source Files\Bindable</Filter>
    </ClCompile>
    <ClCompile Include="TransformCbuf.cpp">
      <Filter>Source Files\Bindable</Filter>
    </ClCompile>
    <ClCompile Include="Drawable.cpp">
      <Filter>Source Files\Drawable</Filter>
    </ClCompile>
    <ClCompile Include="Box.cpp">
      <Filter>Source Files\Drawable</Filter>
    </ClCompile>
    <ClCompile Include="Pyramid.cpp">
      <Filter>Source Files\Drawable</Filter>
    </ClCompile>
    <ClCompile Include="Melon.cpp">
      <Filter>Source Files\Drawable</Filter>
    </ClCompile>
    <ClCompile Include="GDIPlusManager.cpp">
      <Filter>Source Files</Filter>
    </ClCompile>
    <ClCompile Include="Surface.cpp">
      <Filter>Source Files</Filter>
    </ClCompile>
    <ClCompile Include="Texture.cpp">
      <Filter>Source Files\Bindable</Filter>
    </ClCompile>
    <ClCompile Include="Sheet.cpp">
      <Filter>Source Files\Drawable</Filter>
    </ClCompile>
    <ClCompile Include="Sampler.cpp">
      <Filter>Source Files\Bindable</Filter>
    </ClCompile>
    <ClCompile Include="SkinnedBox.cpp">
      <Filter>Source Files\Drawable</Filter>
    </ClCompile>
  </ItemGroup>
  <ItemGroup>
    <ClInclude Include="ChiliWin.h">
      <Filter>Header Files</Filter>
    </ClInclude>
    <ClInclude Include="Window.h">
      <Filter>Header Files</Filter>
    </ClInclude>
    <ClInclude Include="ChiliException.h">
      <Filter>Header Files</Filter>
    </ClInclude>
    <ClInclude Include="resource.h">
      <Filter>Header Files</Filter>
    </ClInclude>
    <ClInclude Include="Keyboard.h">
      <Filter>Header Files</Filter>
    </ClInclude>
    <ClInclude Include="Mouse.h">
      <Filter>Header Files</Filter>
    </ClInclude>
    <ClInclude Include="App.h">
      <Filter>Header Files</Filter>
    </ClInclude>
    <ClInclude Include="Graphics.h">
      <Filter>Header Files</Filter>
    </ClInclude>
    <ClInclude Include="ChiliTimer.h">
      <Filter>Header Files</Filter>
    </ClInclude>
    <ClInclude Include="dxerr.h">
      <Filter>Dxerr</Filter>
    </ClInclude>
    <ClInclude Include="DxgiInfoManager.h">
      <Filter>Header Files</Filter>
    </ClInclude>
    <ClInclude Include="GraphicsThrowMacros.h">
      <Filter>Macros</Filter>
    </ClInclude>
    <ClInclude Include="WindowsThrowMacros.h">
      <Filter>Macros</Filter>
    </ClInclude>
    <ClInclude Include="Bindable.h">
      <Filter>Header Files\Bindable</Filter>
    </ClInclude>
    <ClInclude Include="BindableBase.h">
      <Filter>Header Files\Bindable</Filter>
    </ClInclude>
    <ClInclude Include="ConstantBuffers.h">
      <Filter>Header Files\Bindable</Filter>
    </ClInclude>
    <ClInclude Include="IndexBuffer.h">
      <Filter>Header Files\Bindable</Filter>
    </ClInclude>
    <ClInclude Include="InputLayout.h">
      <Filter>Header Files\Bindable</Filter>
    </ClInclude>
    <ClInclude Include="PixelShader.h">
      <Filter>Header Files\Bindable</Filter>
    </ClInclude>
    <ClInclude Include="Topology.h">
      <Filter>Header Files\Bindable</Filter>
    </ClInclude>
    <ClInclude Include="VertexBuffer.h">
      <Filter>Header Files\Bindable</Filter>
    </ClInclude>
    <ClInclude Include="VertexShader.h">
      <Filter>Header Files\Bindable</Filter>
    </ClInclude>
    <ClInclude Include="TransformCbuf.h">
      <Filter>Header Files\Bindable</Filter>
    </ClInclude>
    <ClInclude Include="Drawable.h">
      <Filter>Header Files\Drawable</Filter>
    </ClInclude>
    <ClInclude Include="Box.h">
      <Filter>Header Files\Drawable</Filter>
    </ClInclude>
    <ClInclude Include="Pyramid.h">
      <Filter>Header Files\Drawable</Filter>
    </ClInclude>
    <ClInclude Include="DrawableBase.h">
      <Filter>Header Files\Drawable</Filter>
    </ClInclude>
    <ClInclude Include="ChiliMath.h">
      <Filter>Header Files</Filter>
    </ClInclude>
    <ClInclude Include="Cone.h">
      <Filter>Header Files\Geometry</Filter>
    </ClInclude>
    <ClInclude Include="Cube.h">
      <Filter>Header Files\Geometry</Filter>
    </ClInclude>
    <ClInclude Include="Plane.h">
      <Filter>Header Files\Geometry</Filter>
    </ClInclude>
    <ClInclude Include="IndexedTriangleList.h">
      <Filter>Header Files</Filter>
    </ClInclude>
    <ClInclude Include="Prism.h">
      <Filter>Header Files\Geometry</Filter>
    </ClInclude>
    <ClInclude Include="Sphere.h">
      <Filter>Header Files\Geometry</Filter>
    </ClInclude>
    <ClInclude Include="Melon.h">
      <Filter>Header Files\Drawable</Filter>
    </ClInclude>
    <ClInclude Include="GDIPlusManager.h">
      <Filter>Header Files</Filter>
    </ClInclude>
    <ClInclude Include="Surface.h">
      <Filter>Header Files</Filter>
    </ClInclude>
    <ClInclude Include="Texture.h">
      <Filter>Header Files\Bindable</Filter>
    </ClInclude>
    <ClInclude Include="Sheet.h">
      <Filter>Header Files\Drawable</Filter>
    </ClInclude>
    <ClInclude Include="Sampler.h">
      <Filter>Header Files\Bindable</Filter>
    </ClInclude>
    <ClInclude Include="SkinnedBox.h">
      <Filter>Header Files\Drawable</Filter>
    </ClInclude>
    <ClInclude Include="ObamaPrism.h">
      <Filter>MyStuff\Header Files</Filter>
    </ClInclude>
  </ItemGroup>
  <ItemGroup>
    <ResourceCompile Include="hw3d.rc">
      <Filter>Resource Files</Filter>
    </ResourceCompile>
  </ItemGroup>
  <ItemGroup>
    <Image Include="icons8-scrunchy-32.ico">
      <Filter>Resource Files</Filter>
    </Image>
  </ItemGroup>
  <ItemGroup>
    <None Include="DXGetErrorDescription.inl">
      <Filter>Dxerr</Filter>
    </None>
    <None Include="DXGetErrorString.inl">
      <Filter>Dxerr</Filter>
    </None>
    <None Include="DXTrace.inl">
      <Filter>Dxerr</Filter>
    </None>
  </ItemGroup>
  <ItemGroup>
    <FxCompile Include="ColorIndexPS.hlsl">
      <Filter>Shader</Filter>
    </FxCompile>
    <FxCompile Include="ColorIndexVS.hlsl">
      <Filter>Shader</Filter>
    </FxCompile>
    <FxCompile Include="ColorBlendPS.hlsl">
      <Filter>Shader</Filter>
    </FxCompile>
    <FxCompile Include="ColorBlendVS.hlsl">
      <Filter>Shader</Filter>
    </FxCompile>
    <FxCompile Include="TexturePS.hlsl">
      <Filter>Shader</Filter>
    </FxCompile>
    <FxCompile Include="TextureVS.hlsl">
      <Filter>Shader</Filter>
    </FxCompile>
  </ItemGroup>
</Project>